// !$*UTF8*$!
{
	archiveVersion = 1;
	classes = {
	};
	objectVersion = 46;
	objects = {

/* Begin PBXBuildFile section */
		BB098B3D16D3199B0061E0E5 /* UIKit.framework in Frameworks */ = {isa = PBXBuildFile; fileRef = BB098B3C16D3199B0061E0E5 /* UIKit.framework */; };
		BB098B3F16D3199B0061E0E5 /* Foundation.framework in Frameworks */ = {isa = PBXBuildFile; fileRef = BB098B3E16D3199B0061E0E5 /* Foundation.framework */; };
		BB098B4116D3199B0061E0E5 /* CoreGraphics.framework in Frameworks */ = {isa = PBXBuildFile; fileRef = BB098B4016D3199B0061E0E5 /* CoreGraphics.framework */; };
		BB098B4716D3199B0061E0E5 /* InfoPlist.strings in Resources */ = {isa = PBXBuildFile; fileRef = BB098B4516D3199B0061E0E5 /* InfoPlist.strings */; };
		BB098B4916D3199B0061E0E5 /* main.m in Sources */ = {isa = PBXBuildFile; fileRef = BB098B4816D3199B0061E0E5 /* main.m */; };
		BB098B4D16D3199B0061E0E5 /* AppDelegate.m in Sources */ = {isa = PBXBuildFile; fileRef = BB098B4C16D3199B0061E0E5 /* AppDelegate.m */; };
		BB098B4F16D3199B0061E0E5 /* Default.png in Resources */ = {isa = PBXBuildFile; fileRef = BB098B4E16D3199B0061E0E5 /* Default.png */; };
		BB098B5116D3199B0061E0E5 /* Default@2x.png in Resources */ = {isa = PBXBuildFile; fileRef = BB098B5016D3199B0061E0E5 /* Default@2x.png */; };
		BB098B5316D3199B0061E0E5 /* Default-568h@2x.png in Resources */ = {isa = PBXBuildFile; fileRef = BB098B5216D3199B0061E0E5 /* Default-568h@2x.png */; };
		BB098B5616D3199B0061E0E5 /* ViewController.m in Sources */ = {isa = PBXBuildFile; fileRef = BB098B5516D3199B0061E0E5 /* ViewController.m */; };
		BB098B5916D3199B0061E0E5 /* ViewController.xib in Resources */ = {isa = PBXBuildFile; fileRef = BB098B5716D3199B0061E0E5 /* ViewController.xib */; };
/* End PBXBuildFile section */

/* Begin PBXFileReference section */
		BB098B3916D3199B0061E0E5 /* project_3.app */ = {isa = PBXFileReference; explicitFileType = wrapper.application; includeInIndex = 0; path = project_3.app; sourceTree = BUILT_PRODUCTS_DIR; };
		BB098B3C16D3199B0061E0E5 /* UIKit.framework */ = {isa = PBXFileReference; lastKnownFileType = wrapper.framework; name = UIKit.framework; path = System/Library/Frameworks/UIKit.framework; sourceTree = SDKROOT; };
		BB098B3E16D3199B0061E0E5 /* Foundation.framework */ = {isa = PBXFileReference; lastKnownFileType = wrapper.framework; name = Foundation.framework; path = System/Library/Frameworks/Foundation.framework; sourceTree = SDKROOT; };
		BB098B4016D3199B0061E0E5 /* CoreGraphics.framework */ = {isa = PBXFileReference; lastKnownFileType = wrapper.framework; name = CoreGraphics.framework; path = System/Library/Frameworks/CoreGraphics.framework; sourceTree = SDKROOT; };
		BB098B4416D3199B0061E0E5 /* project_3-Info.plist */ = {isa = PBXFileReference; lastKnownFileType = text.plist.xml; path = "project_3-Info.plist"; sourceTree = "<group>"; };
		BB098B4616D3199B0061E0E5 /* en */ = {isa = PBXFileReference; lastKnownFileType = text.plist.strings; name = en; path = en.lproj/InfoPlist.strings; sourceTree = "<group>"; };
		BB098B4816D3199B0061E0E5 /* main.m */ = {isa = PBXFileReference; lastKnownFileType = sourcecode.c.objc; path = main.m; sourceTree = "<group>"; };
		BB098B4A16D3199B0061E0E5 /* project_3-Prefix.pch */ = {isa = PBXFileReference; lastKnownFileType = sourcecode.c.h; path = "project_3-Prefix.pch"; sourceTree = "<group>"; };
		BB098B4B16D3199B0061E0E5 /* AppDelegate.h */ = {isa = PBXFileReference; lastKnownFileType = sourcecode.c.h; path = AppDelegate.h; sourceTree = "<group>"; };
		BB098B4C16D3199B0061E0E5 /* AppDelegate.m */ = {isa = PBXFileReference; lastKnownFileType = sourcecode.c.objc; path = AppDelegate.m; sourceTree = "<group>"; };
		BB098B4E16D3199B0061E0E5 /* Default.png */ = {isa = PBXFileReference; lastKnownFileType = image.png; path = Default.png; sourceTree = "<group>"; };
		BB098B5016D3199B0061E0E5 /* Default@2x.png */ = {isa = PBXFileReference; lastKnownFileType = image.png; path = "Default@2x.png"; sourceTree = "<group>"; };
		BB098B5216D3199B0061E0E5 /* Default-568h@2x.png */ = {isa = PBXFileReference; lastKnownFileType = image.png; path = "Default-568h@2x.png"; sourceTree = "<group>"; };
		BB098B5416D3199B0061E0E5 /* ViewController.h */ = {isa = PBXFileReference; lastKnownFileType = sourcecode.c.h; path = ViewController.h; sourceTree = "<group>"; };
		BB098B5516D3199B0061E0E5 /* ViewController.m */ = {isa = PBXFileReference; lastKnownFileType = sourcecode.c.objc; path = ViewController.m; sourceTree = "<group>"; };
		BB098B5816D3199B0061E0E5 /* en */ = {isa = PBXFileReference; lastKnownFileType = file.xib; name = en; path = en.lproj/ViewController.xib; sourceTree = "<group>"; };
/* End PBXFileReference section */

/* Begin PBXFrameworksBuildPhase section */
		BB098B3616D3199B0061E0E5 /* Frameworks */ = {
			isa = PBXFrameworksBuildPhase;
			buildActionMask = 2147483647;
			files = (
				BB098B3D16D3199B0061E0E5 /* UIKit.framework in Frameworks */,
				BB098B3F16D3199B0061E0E5 /* Foundation.framework in Frameworks */,
				BB098B4116D3199B0061E0E5 /* CoreGraphics.framework in Frameworks */,
			);
			runOnlyForDeploymentPostprocessing = 0;
		};
/* End PBXFrameworksBuildPhase section */

/* Begin PBXGroup section */
		BB098B3016D3199B0061E0E5 = {
			isa = PBXGroup;
			children = (
				BB098B4216D3199B0061E0E5 /* project_3 */,
				BB098B3B16D3199B0061E0E5 /* Frameworks */,
				BB098B3A16D3199B0061E0E5 /* Products */,
			);
			sourceTree = "<group>";
		};
		BB098B3A16D3199B0061E0E5 /* Products */ = {
			isa = PBXGroup;
			children = (
				BB098B3916D3199B0061E0E5 /* project_3.app */,
			);
			name = Products;
			sourceTree = "<group>";
		};
		BB098B3B16D3199B0061E0E5 /* Frameworks */ = {
			isa = PBXGroup;
			children = (
				BB098B3C16D3199B0061E0E5 /* UIKit.framework */,
				BB098B3E16D3199B0061E0E5 /* Foundation.framework */,
				BB098B4016D3199B0061E0E5 /* CoreGraphics.framework */,
			);
			name = Frameworks;
			sourceTree = "<group>";
		};
		BB098B4216D3199B0061E0E5 /* project_3 */ = {
			isa = PBXGroup;
			children = (
				BB098B4B16D3199B0061E0E5 /* AppDelegate.h */,
				BB098B4C16D3199B0061E0E5 /* AppDelegate.m */,
				BB098B5416D3199B0061E0E5 /* ViewController.h */,
				BB098B5516D3199B0061E0E5 /* ViewController.m */,
				BB098B5716D3199B0061E0E5 /* ViewController.xib */,
				BB098B4316D3199B0061E0E5 /* Supporting Files */,
			);
			path = project_3;
			sourceTree = "<group>";
		};
		BB098B4316D3199B0061E0E5 /* Supporting Files */ = {
			isa = PBXGroup;
			children = (
				BB098B4416D3199B0061E0E5 /* project_3-Info.plist */,
				BB098B4516D3199B0061E0E5 /* InfoPlist.strings */,
				BB098B4816D3199B0061E0E5 /* main.m */,
				BB098B4A16D3199B0061E0E5 /* project_3-Prefix.pch */,
				BB098B4E16D3199B0061E0E5 /* Default.png */,
				BB098B5016D3199B0061E0E5 /* Default@2x.png */,
				BB098B5216D3199B0061E0E5 /* Default-568h@2x.png */,
			);
			name = "Supporting Files";
			sourceTree = "<group>";
		};
/* End PBXGroup section */

/* Begin PBXNativeTarget section */
		BB098B3816D3199B0061E0E5 /* project_3 */ = {
			isa = PBXNativeTarget;
			buildConfigurationList = BB098B5C16D3199B0061E0E5 /* Build configuration list for PBXNativeTarget "project_3" */;
			buildPhases = (
				BB098B3516D3199B0061E0E5 /* Sources */,
				BB098B3616D3199B0061E0E5 /* Frameworks */,
				BB098B3716D3199B0061E0E5 /* Resources */,
			);
			buildRules = (
			);
			dependencies = (
			);
			name = project_3;
			productName = project_3;
			productReference = BB098B3916D3199B0061E0E5 /* project_3.app */;
			productType = "com.apple.product-type.application";
		};
/* End PBXNativeTarget section */

/* Begin PBXProject section */
		BB098B3116D3199B0061E0E5 /* Project object */ = {
			isa = PBXProject;
			attributes = {
				LastUpgradeCheck = 0460;
				ORGANIZATIONNAME = theOwner;
			};
			buildConfigurationList = BB098B3416D3199B0061E0E5 /* Build configuration list for PBXProject "project_3" */;
			compatibilityVersion = "Xcode 3.2";
			developmentRegion = English;
			hasScannedForEncodings = 0;
			knownRegions = (
				en,
			);
			mainGroup = BB098B3016D3199B0061E0E5;
			productRefGroup = BB098B3A16D3199B0061E0E5 /* Products */;
			projectDirPath = "";
			projectRoot = "";
			targets = (
				BB098B3816D3199B0061E0E5 /* project_3 */,
			);
		};
/* End PBXProject section */

/* Begin PBXResourcesBuildPhase section */
		BB098B3716D3199B0061E0E5 /* Resources */ = {
			isa = PBXResourcesBuildPhase;
			buildActionMask = 2147483647;
			files = (
				BB098B4716D3199B0061E0E5 /* InfoPlist.strings in Resources */,
				BB098B4F16D3199B0061E0E5 /* Default.png in Resources */,
				BB098B5116D3199B0061E0E5 /* Default@2x.png in Resources */,
				BB098B5316D3199B0061E0E5 /* Default-568h@2x.png in Resources */,
				BB098B5916D3199B0061E0E5 /* ViewController.xib in Resources */,
			);
			runOnlyForDeploymentPostprocessing = 0;
		};
/* End PBXResourcesBuildPhase section */

/* Begin PBXSourcesBuildPhase section */
		BB098B3516D3199B0061E0E5 /* Sources */ = {
			isa = PBXSourcesBuildPhase;
			buildActionMask = 2147483647;
			files = (
				BB098B4916D3199B0061E0E5 /* main.m in Sources */,
				BB098B4D16D3199B0061E0E5 /* AppDelegate.m in Sources */,
				BB098B5616D3199B0061E0E5 /* ViewController.m in Sources */,
			);
			runOnlyForDeploymentPostprocessing = 0;
		};
/* End PBXSourcesBuildPhase section */

/* Begin PBXVariantGroup section */
		BB098B4516D3199B0061E0E5 /* InfoPlist.strings */ = {
			isa = PBXVariantGroup;
			children = (
				BB098B4616D3199B0061E0E5 /* en */,
			);
			name = InfoPlist.strings;
			sourceTree = "<group>";
		};
		BB098B5716D3199B0061E0E5 /* ViewController.xib */ = {
			isa = PBXVariantGroup;
			children = (
				BB098B5816D3199B0061E0E5 /* en */,
			);
			name = ViewController.xib;
			sourceTree = "<group>";
		};
/* End PBXVariantGroup section */

/* Begin XCBuildConfiguration section */
		BB098B5A16D3199B0061E0E5 /* Debug */ = {
			isa = XCBuildConfiguration;
			buildSettings = {
				ALWAYS_SEARCH_USER_PATHS = NO;
				CLANG_CXX_LANGUAGE_STANDARD = "gnu++0x";
				CLANG_CXX_LIBRARY = "libc++";
				CLANG_WARN_CONSTANT_CONVERSION = YES;
				CLANG_WARN_EMPTY_BODY = YES;
				CLANG_WARN_ENUM_CONVERSION = YES;
				CLANG_WARN_INT_CONVERSION = YES;
				CLANG_WARN__DUPLICATE_METHOD_MATCH = YES;
				"CODE_SIGN_IDENTITY[sdk=iphoneos*]" = "iPhone Developer";
				COPY_PHASE_STRIP = NO;
				GCC_C_LANGUAGE_STANDARD = gnu99;
				GCC_DYNAMIC_NO_PIC = NO;
				GCC_OPTIMIZATION_LEVEL = 0;
				GCC_PREPROCESSOR_DEFINITIONS = (
					"DEBUG=1",
					"$(inherited)",
				);
				GCC_SYMBOLS_PRIVATE_EXTERN = NO;
				GCC_WARN_ABOUT_RETURN_TYPE = YES;
				GCC_WARN_UNINITIALIZED_AUTOS = YES;
				GCC_WARN_UNUSED_VARIABLE = YES;
				IPHONEOS_DEPLOYMENT_TARGET = 6.1;
				ONLY_ACTIVE_ARCH = YES;
				SDKROOT = iphoneos;
				TARGETED_DEVICE_FAMILY = 2;
			};
			name = Debug;
		};
		BB098B5B16D3199B0061E0E5 /* Release */ = {
			isa = XCBuildConfiguration;
			buildSettings = {
				ALWAYS_SEARCH_USER_PATHS = NO;
				CLANG_CXX_LANGUAGE_STANDARD = "gnu++0x";
				CLANG_CXX_LIBRARY = "libc++";
				CLANG_WARN_CONSTANT_CONVERSION = YES;
				CLANG_WARN_EMPTY_BODY = YES;
				CLANG_WARN_ENUM_CONVERSION = YES;
				CLANG_WARN_INT_CONVERSION = YES;
				CLANG_WARN__DUPLICATE_METHOD_MATCH = YES;
				"CODE_SIGN_IDENTITY[sdk=iphoneos*]" = "iPhone Developer";
				COPY_PHASE_STRIP = YES;
				GCC_C_LANGUAGE_STANDARD = gnu99;
				GCC_WARN_ABOUT_RETURN_TYPE = YES;
				GCC_WARN_UNINITIALIZED_AUTOS = YES;
				GCC_WARN_UNUSED_VARIABLE = YES;
				IPHONEOS_DEPLOYMENT_TARGET = 6.1;
				OTHER_CFLAGS = "-DNS_BLOCK_ASSERTIONS=1";
				SDKROOT = iphoneos;
				TARGETED_DEVICE_FAMILY = 2;
				VALIDATE_PRODUCT = YES;
			};
			name = Release;
		};
		BB098B5D16D3199B0061E0E5 /* Debug */ = {
			isa = XCBuildConfiguration;
			buildSettings = {
				GCC_PRECOMPILE_PREFIX_HEADER = YES;
				GCC_PREFIX_HEADER = "project_3/project_3-Prefix.pch";
				INFOPLIST_FILE = "project_3/project_3-Info.plist";
				PRODUCT_NAME = "$(TARGET_NAME)";
				WRAPPER_EXTENSION = app;
			};
			name = Debug;
		};
		BB098B5E16D3199B0061E0E5 /* Release */ = {
			isa = XCBuildConfiguration;
			buildSettings = {
				GCC_PRECOMPILE_PREFIX_HEADER = YES;
				GCC_PREFIX_HEADER = "project_3/project_3-Prefix.pch";
				INFOPLIST_FILE = "project_3/project_3-Info.plist";
				PRODUCT_NAME = "$(TARGET_NAME)";
				WRAPPER_EXTENSION = app;
			};
			name = Release;
		};
/* End XCBuildConfiguration section */

/* Begin XCConfigurationList section */
		BB098B3416D3199B0061E0E5 /* Build configuration list for PBXProject "project_3" */ = {
			isa = XCConfigurationList;
			buildConfigurations = (
				BB098B5A16D3199B0061E0E5 /* Debug */,
				BB098B5B16D3199B0061E0E5 /* Release */,
			);
			defaultConfigurationIsVisible = 0;
			defaultConfigurationName = Release;
		};
		BB098B5C16D3199B0061E0E5 /* Build configuration list for PBXNativeTarget "project_3" */ = {
			isa = XCConfigurationList;
			buildConfigurations = (
				BB098B5D16D3199B0061E0E5 /* Debug */,
				BB098B5E16D3199B0061E0E5 /* Release */,
			);
			defaultConfigurationIsVisible = 0;
		};
/* End XCConfigurationList section */
	};
	rootObject = BB098B3116D3199B0061E0E5 /* Project object */;
}
